
Microsoft Visual Studio Solution File, Format Version 12.00
# Visual Studio Version 17
VisualStudioVersion = 17.10.35122.118
MinimumVisualStudioVersion = 10.0.40219.1
Project("{FAE04EC0-301F-11D3-BF4B-00C04F79EFBC}") = "Student_Info_Management_System", "Student_Info_Management_System\Student_Info_Management_System.csproj", "{DA683396-0394-488F-991E-21955E9E1EE1}"
EndProject
Global
	GlobalSection(SolutionConfigurationPlatforms) = preSolution
		Debug|Any CPU = Debug|Any CPU
		Release|Any CPU = Release|Any CPU
	EndGlobalSection
	GlobalSection(ProjectConfigurationPlatforms) = postSolution
		{DA683396-0394-488F-991E-21955E9E1EE1}.Debug|Any CPU.ActiveCfg = Debug|Any CPU
		{DA683396-0394-488F-991E-21955E9E1EE1}.Debug|Any CPU.Build.0 = Debug|Any CPU
		{DA683396-0394-488F-991E-21955E9E1EE1}.Release|Any CPU.ActiveCfg = Release|Any CPU
		{DA683396-0394-488F-991E-21955E9E1EE1}.Release|Any CPU.Build.0 = Release|Any CPU
	EndGlobalSection
	GlobalSection(SolutionProperties) = preSolution
		HideSolutionNode = FALSE
	EndGlobalSection
	GlobalSection(ExtensibilityGlobals) = postSolution
		SolutionGuid = {6611950B-B5A7-488A-AC6F-117A068256D5}
	EndGlobalSection
EndGlobal
